
Microsoft Visual Studio Solution File, Format Version 12.00
# Visual Studio Version 17
VisualStudioVersion = 17.5.33516.290
MinimumVisualStudioVersion = 10.0.40219.1
Project("{FAE04EC0-301F-11D3-BF4B-00C04F79EFBC}") = "Leetcode", "Leetcode\Leetcode.csproj", "{92BF7D8A-244C-41D4-BE54-99A443FD48BC}"
EndProject
Global
	GlobalSection(SolutionConfigurationPlatforms) = preSolution
		Debug|Any CPU = Debug|Any CPU
		Release|Any CPU = Release|Any CPU
	EndGlobalSection
	GlobalSection(ProjectConfigurationPlatforms) = postSolution
		{92BF7D8A-244C-41D4-BE54-99A443FD48BC}.Debug|Any CPU.ActiveCfg = Debug|Any CPU
		{92BF7D8A-244C-41D4-BE54-99A443FD48BC}.Debug|Any CPU.Build.0 = Debug|Any CPU
		{92BF7D8A-244C-41D4-BE54-99A443FD48BC}.Release|Any CPU.ActiveCfg = Release|Any CPU
		{92BF7D8A-244C-41D4-BE54-99A443FD48BC}.Release|Any CPU.Build.0 = Release|Any CPU
	EndGlobalSection
	GlobalSection(SolutionProperties) = preSolution
		HideSolutionNode = FALSE
	EndGlobalSection
	GlobalSection(ExtensibilityGlobals) = postSolution
		SolutionGuid = {F9342703-3FE2-43E4-8A6C-4095F3A64EA5}
	EndGlobalSection
EndGlobal
